
Microsoft Visual Studio Solution File, Format Version 12.00
# Visual Studio Version 17
VisualStudioVersion = 17.6.33723.286
MinimumVisualStudioVersion = 10.0.40219.1
Project("{9A19103F-16F7-4668-BE54-9A1E7A4F7556}") = "CustomList", "CustomList\CustomList.csproj", "{157851A0-FDE1-45B9-875A-613CB7B0A419}"
EndProject
Project("{FAE04EC0-301F-11D3-BF4B-00C04F79EFBC}") = "Stack", "Stack\Stack.csproj", "{E84697A8-AEA0-4715-B010-CBFBE781CF9C}"
EndProject
Global
	GlobalSection(SolutionConfigurationPlatforms) = preSolution
		Debug|Any CPU = Debug|Any CPU
		Release|Any CPU = Release|Any CPU
	EndGlobalSection
	GlobalSection(ProjectConfigurationPlatforms) = postSolution
		{157851A0-FDE1-45B9-875A-613CB7B0A419}.Debug|Any CPU.ActiveCfg = Debug|Any CPU
		{157851A0-FDE1-45B9-875A-613CB7B0A419}.Debug|Any CPU.Build.0 = Debug|Any CPU
		{157851A0-FDE1-45B9-875A-613CB7B0A419}.Release|Any CPU.ActiveCfg = Release|Any CPU
		{157851A0-FDE1-45B9-875A-613CB7B0A419}.Release|Any CPU.Build.0 = Release|Any CPU
		{E84697A8-AEA0-4715-B010-CBFBE781CF9C}.Debug|Any CPU.ActiveCfg = Debug|Any CPU
		{E84697A8-AEA0-4715-B010-CBFBE781CF9C}.Debug|Any CPU.Build.0 = Debug|Any CPU
		{E84697A8-AEA0-4715-B010-CBFBE781CF9C}.Release|Any CPU.ActiveCfg = Release|Any CPU
		{E84697A8-AEA0-4715-B010-CBFBE781CF9C}.Release|Any CPU.Build.0 = Release|Any CPU
	EndGlobalSection
	GlobalSection(SolutionProperties) = preSolution
		HideSolutionNode = FALSE
	EndGlobalSection
	GlobalSection(ExtensibilityGlobals) = postSolution
		SolutionGuid = {70EF6C5B-371E-4921-A8A7-83A247C9029E}
	EndGlobalSection
EndGlobal
